
Microsoft Visual Studio Solution File, Format Version 12.00
# Visual Studio Version 17
VisualStudioVersion = 17.5.33516.290
MinimumVisualStudioVersion = 10.0.40219.1
Project("{9A19103F-16F7-4668-BE54-9A1E7A4F7556}") = "Backend", "Backend\Backend.csproj", "{47FB76DC-5F2C-4928-9E6B-A6D7CE70D696}"
EndProject
Project("{9A19103F-16F7-4668-BE54-9A1E7A4F7556}") = "BackendTests", "BackendTests\BackendTests.csproj", "{02F08BE5-55EB-42E9-8540-437C2BD366D1}"
	ProjectSection(ProjectDependencies) = postProject
		{47FB76DC-5F2C-4928-9E6B-A6D7CE70D696} = {47FB76DC-5F2C-4928-9E6B-A6D7CE70D696}
	EndProjectSection
EndProject
Project("{FAE04EC0-301F-11D3-BF4B-00C04F79EFBC}") = "Frontend", "Frontend\Frontend.csproj", "{7FB55FC4-F02A-4CA2-AE07-3596AF03CFA1}"
EndProject
Global
	GlobalSection(SolutionConfigurationPlatforms) = preSolution
		Debug|Any CPU = Debug|Any CPU
		Release|Any CPU = Release|Any CPU
	EndGlobalSection
	GlobalSection(ProjectConfigurationPlatforms) = postSolution
		{47FB76DC-5F2C-4928-9E6B-A6D7CE70D696}.Debug|Any CPU.ActiveCfg = Debug|Any CPU
		{47FB76DC-5F2C-4928-9E6B-A6D7CE70D696}.Debug|Any CPU.Build.0 = Debug|Any CPU
		{47FB76DC-5F2C-4928-9E6B-A6D7CE70D696}.Release|Any CPU.ActiveCfg = Release|Any CPU
		{47FB76DC-5F2C-4928-9E6B-A6D7CE70D696}.Release|Any CPU.Build.0 = Release|Any CPU
		{02F08BE5-55EB-42E9-8540-437C2BD366D1}.Debug|Any CPU.ActiveCfg = Debug|Any CPU
		{02F08BE5-55EB-42E9-8540-437C2BD366D1}.Debug|Any CPU.Build.0 = Debug|Any CPU
		{02F08BE5-55EB-42E9-8540-437C2BD366D1}.Release|Any CPU.ActiveCfg = Release|Any CPU
		{02F08BE5-55EB-42E9-8540-437C2BD366D1}.Release|Any CPU.Build.0 = Release|Any CPU
		{7FB55FC4-F02A-4CA2-AE07-3596AF03CFA1}.Debug|Any CPU.ActiveCfg = Debug|Any CPU
		{7FB55FC4-F02A-4CA2-AE07-3596AF03CFA1}.Debug|Any CPU.Build.0 = Debug|Any CPU
		{7FB55FC4-F02A-4CA2-AE07-3596AF03CFA1}.Release|Any CPU.ActiveCfg = Release|Any CPU
		{7FB55FC4-F02A-4CA2-AE07-3596AF03CFA1}.Release|Any CPU.Build.0 = Release|Any CPU
	EndGlobalSection
	GlobalSection(SolutionProperties) = preSolution
		HideSolutionNode = FALSE
	EndGlobalSection
	GlobalSection(ExtensibilityGlobals) = postSolution
		SolutionGuid = {646EC9C2-D2E8-4686-A522-B0EBE1DFFF69}
	EndGlobalSection
EndGlobal
